{
  "name": "advent_of_code_2023",
  "version": "1.0.0",
  "lockfileVersion": 3,
  "requires": true,
  "packages": {
    "": {
      "name": "advent_of_code_2023",
      "version": "1.0.0",
      "dependencies": {
        "advent_of_code_ts_library": "^1.0.3"
      }
    },
    "node_modules/advent_of_code_ts_library": {
      "version": "1.0.3",
      "resolved": "https://registry.npmjs.org/advent_of_code_ts_library/-/advent_of_code_ts_library-1.0.3.tgz",
      "integrity": "sha512-j0Og20S1Fz0jkf3ct9e3gXsbSjq+878lCxEEZ/Oc5uWciExbt+/VEcyK0ONARnUtqY2QYIfUq1LKomxEO91y8Q==",
      "dependencies": {
        "lodash": "^4.17.21"
      }
    },
    "node_modules/lodash": {
      "version": "4.17.21",
      "resolved": "https://registry.npmjs.org/lodash/-/lodash-4.17.21.tgz",
      "integrity": "sha512-v2kDEe57lecTulaDIuNTPy3Ry4gLGJ6Z1O3vE1krgXZNrsQ+LFTGHVxVjcXPs17LhbZVGedAJv8XZ1tvj5FvSg=="
    }
  }
}
